
Microsoft Visual Studio Solution File, Format Version 12.00
# Visual Studio Version 17
VisualStudioVersion = 17.3.32929.385
MinimumVisualStudioVersion = 10.0.40219.1
Project("{2150E333-8FDC-42A3-9474-1A3956D46DE8}") = "Core", "Core", "{D8D792EB-D7CD-4058-A3C3-8C740FD86B59}"
EndProject
Project("{FAE04EC0-301F-11D3-BF4B-00C04F79EFBC}") = "ETicaretAPI.Domain", "Core\ETicaretAPI.Domain\ETicaretAPI.Domain.csproj", "{C0E9D873-3853-4CA0-B585-2BE9AA47AED0}"
EndProject
Project("{FAE04EC0-301F-11D3-BF4B-00C04F79EFBC}") = "ETicaretAPI.Application", "Core\ETicaretAPI.Application\ETicaretAPI.Application.csproj", "{CC98375A-1B93-4750-A619-9AF2AAD3CA33}"
EndProject
Project("{2150E333-8FDC-42A3-9474-1A3956D46DE8}") = "Infrastructure", "Infrastructure", "{DF571325-F24D-4FDF-99E4-B74EE7B46E01}"
EndProject
Project("{FAE04EC0-301F-11D3-BF4B-00C04F79EFBC}") = "ETicaretAPI.Infrastructure", "Infrastructure\ETicaretAPI.Infrastructure\ETicaretAPI.Infrastructure.csproj", "{C54700DA-8AC7-4DFD-9C4B-BED69EA7C437}"
EndProject
Project("{FAE04EC0-301F-11D3-BF4B-00C04F79EFBC}") = "ETicaretAPI.Persistence", "Infrastructure\ETicaretAPI.Persistence\ETicaretAPI.Persistence.csproj", "{96224FF6-0BA7-4782-BC95-5BEDDC8140C8}"
EndProject
Project("{2150E333-8FDC-42A3-9474-1A3956D46DE8}") = "Presentation", "Presentation", "{44B078FD-8DE5-493D-A5F0-1EC08CF98BDF}"
EndProject
Project("{FAE04EC0-301F-11D3-BF4B-00C04F79EFBC}") = "ETicaretAPI.API", "Presentation\ETicaretAPI.API\ETicaretAPI.API.csproj", "{2CA7ED0B-ABF7-48A8-B941-2F57855609FE}"
EndProject
Global
	GlobalSection(SolutionConfigurationPlatforms) = preSolution
		Debug|Any CPU = Debug|Any CPU
		Release|Any CPU = Release|Any CPU
	EndGlobalSection
	GlobalSection(ProjectConfigurationPlatforms) = postSolution
		{C0E9D873-3853-4CA0-B585-2BE9AA47AED0}.Debug|Any CPU.ActiveCfg = Debug|Any CPU
		{C0E9D873-3853-4CA0-B585-2BE9AA47AED0}.Debug|Any CPU.Build.0 = Debug|Any CPU
		{C0E9D873-3853-4CA0-B585-2BE9AA47AED0}.Release|Any CPU.ActiveCfg = Release|Any CPU
		{C0E9D873-3853-4CA0-B585-2BE9AA47AED0}.Release|Any CPU.Build.0 = Release|Any CPU
		{CC98375A-1B93-4750-A619-9AF2AAD3CA33}.Debug|Any CPU.ActiveCfg = Debug|Any CPU
		{CC98375A-1B93-4750-A619-9AF2AAD3CA33}.Debug|Any CPU.Build.0 = Debug|Any CPU
		{CC98375A-1B93-4750-A619-9AF2AAD3CA33}.Release|Any CPU.ActiveCfg = Release|Any CPU
		{CC98375A-1B93-4750-A619-9AF2AAD3CA33}.Release|Any CPU.Build.0 = Release|Any CPU
		{C54700DA-8AC7-4DFD-9C4B-BED69EA7C437}.Debug|Any CPU.ActiveCfg = Debug|Any CPU
		{C54700DA-8AC7-4DFD-9C4B-BED69EA7C437}.Debug|Any CPU.Build.0 = Debug|Any CPU
		{C54700DA-8AC7-4DFD-9C4B-BED69EA7C437}.Release|Any CPU.ActiveCfg = Release|Any CPU
		{C54700DA-8AC7-4DFD-9C4B-BED69EA7C437}.Release|Any CPU.Build.0 = Release|Any CPU
		{96224FF6-0BA7-4782-BC95-5BEDDC8140C8}.Debug|Any CPU.ActiveCfg = Debug|Any CPU
		{96224FF6-0BA7-4782-BC95-5BEDDC8140C8}.Debug|Any CPU.Build.0 = Debug|Any CPU
		{96224FF6-0BA7-4782-BC95-5BEDDC8140C8}.Release|Any CPU.ActiveCfg = Release|Any CPU
		{96224FF6-0BA7-4782-BC95-5BEDDC8140C8}.Release|Any CPU.Build.0 = Release|Any CPU
		{2CA7ED0B-ABF7-48A8-B941-2F57855609FE}.Debug|Any CPU.ActiveCfg = Debug|Any CPU
		{2CA7ED0B-ABF7-48A8-B941-2F57855609FE}.Debug|Any CPU.Build.0 = Debug|Any CPU
		{2CA7ED0B-ABF7-48A8-B941-2F57855609FE}.Release|Any CPU.ActiveCfg = Release|Any CPU
		{2CA7ED0B-ABF7-48A8-B941-2F57855609FE}.Release|Any CPU.Build.0 = Release|Any CPU
	EndGlobalSection
	GlobalSection(SolutionProperties) = preSolution
		HideSolutionNode = FALSE
	EndGlobalSection
	GlobalSection(NestedProjects) = preSolution
		{C0E9D873-3853-4CA0-B585-2BE9AA47AED0} = {D8D792EB-D7CD-4058-A3C3-8C740FD86B59}
		{CC98375A-1B93-4750-A619-9AF2AAD3CA33} = {D8D792EB-D7CD-4058-A3C3-8C740FD86B59}
		{C54700DA-8AC7-4DFD-9C4B-BED69EA7C437} = {DF571325-F24D-4FDF-99E4-B74EE7B46E01}
		{96224FF6-0BA7-4782-BC95-5BEDDC8140C8} = {DF571325-F24D-4FDF-99E4-B74EE7B46E01}
		{2CA7ED0B-ABF7-48A8-B941-2F57855609FE} = {44B078FD-8DE5-493D-A5F0-1EC08CF98BDF}
	EndGlobalSection
	GlobalSection(ExtensibilityGlobals) = postSolution
		SolutionGuid = {29AE96AB-1494-4357-9081-53CA47DC8891}
	EndGlobalSection
EndGlobal
